
Microsoft Visual Studio Solution File, Format Version 12.00
# Visual Studio Version 16
VisualStudioVersion = 16.0.30413.136
MinimumVisualStudioVersion = 10.0.40219.1
Project("{2150E333-8FDC-42A3-9474-1A3956D46DE8}") = "0.Solutions Items", "0.Solutions Items", "{BDBFA4D0-7BC0-45B6-8535-895981483F71}"
	ProjectSection(SolutionItems) = preProject
		README.md = README.md
	EndProjectSection
EndProject
Project("{9A19103F-16F7-4668-BE54-9A1E7A4F7556}") = "eShopping.DAL", "eShopping.DAL\eShopping.DAL.csproj", "{43CB7FA2-2C5A-452D-A241-10FF0299B01E}"
EndProject
Project("{9A19103F-16F7-4668-BE54-9A1E7A4F7556}") = "eShopping.BLL", "eShopping.BLL\eShopping.BLL.csproj", "{5C8AD86D-F8E2-4FF9-B336-5B66DDC77150}"
EndProject
Project("{9A19103F-16F7-4668-BE54-9A1E7A4F7556}") = "eShopping.Ultilities", "eShopping.Ultilities\eShopping.Ultilities.csproj", "{E8D49E1D-0135-4F06-9609-2FBDA3BA72FB}"
EndProject
Project("{9A19103F-16F7-4668-BE54-9A1E7A4F7556}") = "eShopping.ViewModels", "eShopping.ViewModels\eShopping.ViewModels.csproj", "{46A60EFF-D413-463B-8C86-B3CC39B0AFAC}"
EndProject
Project("{9A19103F-16F7-4668-BE54-9A1E7A4F7556}") = "eShopping.BackendApi", "eShopping.BackendApi\eShopping.BackendApi.csproj", "{A2106535-216C-4639-8EBC-EE6671A4375C}"
EndProject
Project("{2150E333-8FDC-42A3-9474-1A3956D46DE8}") = "1.Infrastructure", "1.Infrastructure", "{7A9ECE55-96E0-46BB-A32D-E52D0B992CDB}"
EndProject
Project("{2150E333-8FDC-42A3-9474-1A3956D46DE8}") = "2.Domain", "2.Domain", "{CC14AAD7-A338-4A94-AD78-3C4D786556DF}"
EndProject
Project("{2150E333-8FDC-42A3-9474-1A3956D46DE8}") = "3.Hosts", "3.Hosts", "{63A10895-1E97-4968-83A4-44877986B2C8}"
EndProject
Project("{9A19103F-16F7-4668-BE54-9A1E7A4F7556}") = "eShopping.WebApp", "eShopping.WebApp\eShopping.WebApp.csproj", "{B17104F9-A787-4E23-92F1-049C6ACAC0E0}"
EndProject
Project("{9A19103F-16F7-4668-BE54-9A1E7A4F7556}") = "eShopping.AdminApp", "eShopping.AdminApp\eShopping.AdminApp.csproj", "{5617E51A-99D6-42C6-870A-2E269D5D34A5}"
EndProject
Project("{FAE04EC0-301F-11D3-BF4B-00C04F79EFBC}") = "eShopping.ApiIntegration", "eShopping.ApiIntegration\eShopping.ApiIntegration.csproj", "{53651C0C-7C2F-4C2B-91CA-80C29238BDAB}"
EndProject
Global
	GlobalSection(SolutionConfigurationPlatforms) = preSolution
		Debug|Any CPU = Debug|Any CPU
		Release|Any CPU = Release|Any CPU
	EndGlobalSection
	GlobalSection(ProjectConfigurationPlatforms) = postSolution
		{43CB7FA2-2C5A-452D-A241-10FF0299B01E}.Debug|Any CPU.ActiveCfg = Debug|Any CPU
		{43CB7FA2-2C5A-452D-A241-10FF0299B01E}.Debug|Any CPU.Build.0 = Debug|Any CPU
		{43CB7FA2-2C5A-452D-A241-10FF0299B01E}.Release|Any CPU.ActiveCfg = Release|Any CPU
		{43CB7FA2-2C5A-452D-A241-10FF0299B01E}.Release|Any CPU.Build.0 = Release|Any CPU
		{5C8AD86D-F8E2-4FF9-B336-5B66DDC77150}.Debug|Any CPU.ActiveCfg = Debug|Any CPU
		{5C8AD86D-F8E2-4FF9-B336-5B66DDC77150}.Debug|Any CPU.Build.0 = Debug|Any CPU
		{5C8AD86D-F8E2-4FF9-B336-5B66DDC77150}.Release|Any CPU.ActiveCfg = Release|Any CPU
		{5C8AD86D-F8E2-4FF9-B336-5B66DDC77150}.Release|Any CPU.Build.0 = Release|Any CPU
		{E8D49E1D-0135-4F06-9609-2FBDA3BA72FB}.Debug|Any CPU.ActiveCfg = Debug|Any CPU
		{E8D49E1D-0135-4F06-9609-2FBDA3BA72FB}.Debug|Any CPU.Build.0 = Debug|Any CPU
		{E8D49E1D-0135-4F06-9609-2FBDA3BA72FB}.Release|Any CPU.ActiveCfg = Release|Any CPU
		{E8D49E1D-0135-4F06-9609-2FBDA3BA72FB}.Release|Any CPU.Build.0 = Release|Any CPU
		{46A60EFF-D413-463B-8C86-B3CC39B0AFAC}.Debug|Any CPU.ActiveCfg = Debug|Any CPU
		{46A60EFF-D413-463B-8C86-B3CC39B0AFAC}.Debug|Any CPU.Build.0 = Debug|Any CPU
		{46A60EFF-D413-463B-8C86-B3CC39B0AFAC}.Release|Any CPU.ActiveCfg = Release|Any CPU
		{46A60EFF-D413-463B-8C86-B3CC39B0AFAC}.Release|Any CPU.Build.0 = Release|Any CPU
		{A2106535-216C-4639-8EBC-EE6671A4375C}.Debug|Any CPU.ActiveCfg = Debug|Any CPU
		{A2106535-216C-4639-8EBC-EE6671A4375C}.Debug|Any CPU.Build.0 = Debug|Any CPU
		{A2106535-216C-4639-8EBC-EE6671A4375C}.Release|Any CPU.ActiveCfg = Release|Any CPU
		{A2106535-216C-4639-8EBC-EE6671A4375C}.Release|Any CPU.Build.0 = Release|Any CPU
		{B17104F9-A787-4E23-92F1-049C6ACAC0E0}.Debug|Any CPU.ActiveCfg = Debug|Any CPU
		{B17104F9-A787-4E23-92F1-049C6ACAC0E0}.Debug|Any CPU.Build.0 = Debug|Any CPU
		{B17104F9-A787-4E23-92F1-049C6ACAC0E0}.Release|Any CPU.ActiveCfg = Release|Any CPU
		{B17104F9-A787-4E23-92F1-049C6ACAC0E0}.Release|Any CPU.Build.0 = Release|Any CPU
		{5617E51A-99D6-42C6-870A-2E269D5D34A5}.Debug|Any CPU.ActiveCfg = Debug|Any CPU
		{5617E51A-99D6-42C6-870A-2E269D5D34A5}.Debug|Any CPU.Build.0 = Debug|Any CPU
		{5617E51A-99D6-42C6-870A-2E269D5D34A5}.Release|Any CPU.ActiveCfg = Release|Any CPU
		{5617E51A-99D6-42C6-870A-2E269D5D34A5}.Release|Any CPU.Build.0 = Release|Any CPU
		{53651C0C-7C2F-4C2B-91CA-80C29238BDAB}.Debug|Any CPU.ActiveCfg = Debug|Any CPU
		{53651C0C-7C2F-4C2B-91CA-80C29238BDAB}.Debug|Any CPU.Build.0 = Debug|Any CPU
		{53651C0C-7C2F-4C2B-91CA-80C29238BDAB}.Release|Any CPU.ActiveCfg = Release|Any CPU
		{53651C0C-7C2F-4C2B-91CA-80C29238BDAB}.Release|Any CPU.Build.0 = Release|Any CPU
	EndGlobalSection
	GlobalSection(SolutionProperties) = preSolution
		HideSolutionNode = FALSE
	EndGlobalSection
	GlobalSection(NestedProjects) = preSolution
		{43CB7FA2-2C5A-452D-A241-10FF0299B01E} = {CC14AAD7-A338-4A94-AD78-3C4D786556DF}
		{5C8AD86D-F8E2-4FF9-B336-5B66DDC77150} = {CC14AAD7-A338-4A94-AD78-3C4D786556DF}
		{E8D49E1D-0135-4F06-9609-2FBDA3BA72FB} = {7A9ECE55-96E0-46BB-A32D-E52D0B992CDB}
		{46A60EFF-D413-463B-8C86-B3CC39B0AFAC} = {7A9ECE55-96E0-46BB-A32D-E52D0B992CDB}
		{A2106535-216C-4639-8EBC-EE6671A4375C} = {63A10895-1E97-4968-83A4-44877986B2C8}
		{B17104F9-A787-4E23-92F1-049C6ACAC0E0} = {63A10895-1E97-4968-83A4-44877986B2C8}
		{5617E51A-99D6-42C6-870A-2E269D5D34A5} = {63A10895-1E97-4968-83A4-44877986B2C8}
		{53651C0C-7C2F-4C2B-91CA-80C29238BDAB} = {63A10895-1E97-4968-83A4-44877986B2C8}
	EndGlobalSection
	GlobalSection(ExtensibilityGlobals) = postSolution
		SolutionGuid = {296D1E39-25B9-4A9A-8252-ED24E6F62859}
	EndGlobalSection
EndGlobal
